
Microsoft Visual Studio Solution File, Format Version 12.00
# Visual Studio Version 17
VisualStudioVersion = 17.5.33627.172
MinimumVisualStudioVersion = 10.0.40219.1
Project("{8BC9CEB8-8B4A-11D0-8D11-00A0C91BC942}") = "Retarget", "SilentWrite\SilentWrite.vcxproj", "{5B78D9C0-685C-46E8-A730-71D00B815912}"
EndProject
Project("{8BC9CEB8-8B4A-11D0-8D11-00A0C91BC942}") = "Dummy", "Dummy\Dummy.vcxproj", "{7379B873-5FA2-44B7-8EDC-E0C793FF07F9}"
EndProject
Global
	GlobalSection(SolutionConfigurationPlatforms) = preSolution
		Debug|x64 = Debug|x64
		Debug|x86 = Debug|x86
		Release|x64 = Release|x64
		Release|x86 = Release|x86
	EndGlobalSection
	GlobalSection(ProjectConfigurationPlatforms) = postSolution
		{5B78D9C0-685C-46E8-A730-71D00B815912}.Debug|x64.ActiveCfg = Debug|x64
		{5B78D9C0-685C-46E8-A730-71D00B815912}.Debug|x64.Build.0 = Debug|x64
		{5B78D9C0-685C-46E8-A730-71D00B815912}.Debug|x86.ActiveCfg = Debug|Win32
		{5B78D9C0-685C-46E8-A730-71D00B815912}.Debug|x86.Build.0 = Debug|Win32
		{5B78D9C0-685C-46E8-A730-71D00B815912}.Release|x64.ActiveCfg = Release|x64
		{5B78D9C0-685C-46E8-A730-71D00B815912}.Release|x64.Build.0 = Release|x64
		{5B78D9C0-685C-46E8-A730-71D00B815912}.Release|x86.ActiveCfg = Release|Win32
		{5B78D9C0-685C-46E8-A730-71D00B815912}.Release|x86.Build.0 = Release|Win32
		{7379B873-5FA2-44B7-8EDC-E0C793FF07F9}.Debug|x64.ActiveCfg = Debug|x64
		{7379B873-5FA2-44B7-8EDC-E0C793FF07F9}.Debug|x64.Build.0 = Debug|x64
		{7379B873-5FA2-44B7-8EDC-E0C793FF07F9}.Debug|x86.ActiveCfg = Debug|Win32
		{7379B873-5FA2-44B7-8EDC-E0C793FF07F9}.Debug|x86.Build.0 = Debug|Win32
		{7379B873-5FA2-44B7-8EDC-E0C793FF07F9}.Release|x64.ActiveCfg = Release|x64
		{7379B873-5FA2-44B7-8EDC-E0C793FF07F9}.Release|x64.Build.0 = Release|x64
		{7379B873-5FA2-44B7-8EDC-E0C793FF07F9}.Release|x86.ActiveCfg = Release|Win32
		{7379B873-5FA2-44B7-8EDC-E0C793FF07F9}.Release|x86.Build.0 = Release|Win32
	EndGlobalSection
	GlobalSection(SolutionProperties) = preSolution
		HideSolutionNode = FALSE
	EndGlobalSection
	GlobalSection(ExtensibilityGlobals) = postSolution
		SolutionGuid = {534056AA-1CE7-406B-8BA3-2619DF56D33F}
	EndGlobalSection
EndGlobal
